
Microsoft Visual Studio Solution File, Format Version 12.00
# Visual Studio 15
VisualStudioVersion = 15.0.28010.2048
MinimumVisualStudioVersion = 10.0.40219.1
Project("{FAE04EC0-301F-11D3-BF4B-00C04F79EFBC}") = "ThreadsWithMutex", "ThreadsWithMutex\ThreadsWithMutex.csproj", "{C72D1C9C-9FC9-4ED9-B2CF-74AAA368B7D0}"
EndProject
Project("{FAE04EC0-301F-11D3-BF4B-00C04F79EFBC}") = "ThreadsWithWaitOne", "ThreadsWithWaitOne\ThreadsWithWaitOne.csproj", "{529E3A4A-E217-47CD-8F22-9F8BCEB53F66}"
EndProject
Global
	GlobalSection(SolutionConfigurationPlatforms) = preSolution
		Debug|Any CPU = Debug|Any CPU
		Release|Any CPU = Release|Any CPU
	EndGlobalSection
	GlobalSection(ProjectConfigurationPlatforms) = postSolution
		{C72D1C9C-9FC9-4ED9-B2CF-74AAA368B7D0}.Debug|Any CPU.ActiveCfg = Debug|Any CPU
		{C72D1C9C-9FC9-4ED9-B2CF-74AAA368B7D0}.Debug|Any CPU.Build.0 = Debug|Any CPU
		{C72D1C9C-9FC9-4ED9-B2CF-74AAA368B7D0}.Release|Any CPU.ActiveCfg = Release|Any CPU
		{C72D1C9C-9FC9-4ED9-B2CF-74AAA368B7D0}.Release|Any CPU.Build.0 = Release|Any CPU
		{529E3A4A-E217-47CD-8F22-9F8BCEB53F66}.Debug|Any CPU.ActiveCfg = Debug|Any CPU
		{529E3A4A-E217-47CD-8F22-9F8BCEB53F66}.Debug|Any CPU.Build.0 = Debug|Any CPU
		{529E3A4A-E217-47CD-8F22-9F8BCEB53F66}.Release|Any CPU.ActiveCfg = Release|Any CPU
		{529E3A4A-E217-47CD-8F22-9F8BCEB53F66}.Release|Any CPU.Build.0 = Release|Any CPU
	EndGlobalSection
	GlobalSection(SolutionProperties) = preSolution
		HideSolutionNode = FALSE
	EndGlobalSection
	GlobalSection(ExtensibilityGlobals) = postSolution
		SolutionGuid = {8169B12C-5FE1-4FB5-8909-1D529357501A}
	EndGlobalSection
EndGlobal
